
Microsoft Visual Studio Solution File, Format Version 12.00
# Visual Studio Version 17
VisualStudioVersion = 17.9.34607.119
MinimumVisualStudioVersion = 10.0.40219.1
Project("{FAE04EC0-301F-11D3-BF4B-00C04F79EFBC}") = "KirtasiyejimWebApp", "KirtasiyejimWebApp\KirtasiyejimWebApp.csproj", "{694521C7-5ADF-4FC8-B1C2-FFEFFA888169}"
EndProject
Global
	GlobalSection(SolutionConfigurationPlatforms) = preSolution
		Debug|Any CPU = Debug|Any CPU
		Release|Any CPU = Release|Any CPU
	EndGlobalSection
	GlobalSection(ProjectConfigurationPlatforms) = postSolution
		{694521C7-5ADF-4FC8-B1C2-FFEFFA888169}.Debug|Any CPU.ActiveCfg = Debug|Any CPU
		{694521C7-5ADF-4FC8-B1C2-FFEFFA888169}.Debug|Any CPU.Build.0 = Debug|Any CPU
		{694521C7-5ADF-4FC8-B1C2-FFEFFA888169}.Release|Any CPU.ActiveCfg = Release|Any CPU
		{694521C7-5ADF-4FC8-B1C2-FFEFFA888169}.Release|Any CPU.Build.0 = Release|Any CPU
	EndGlobalSection
	GlobalSection(SolutionProperties) = preSolution
		HideSolutionNode = FALSE
	EndGlobalSection
	GlobalSection(ExtensibilityGlobals) = postSolution
		SolutionGuid = {F994979A-4308-402D-BFBA-30805C434DFF}
	EndGlobalSection
EndGlobal
